{
  "name": "chrome-extension",
  "version": "1.0.0",
  "lockfileVersion": 2,
  "requires": true,
  "packages": {
    "": {
      "name": "chrome-extension",
      "version": "1.0.0",
      "license": "ISC",
      "dependencies": {
        "@types/chrome": "^0.0.136",
        "chess.js": "^0.11.0",
        "sweetalert2": "^10.16.7",
        "types": "^0.1.1"
      }
    },
    "node_modules/@types/chrome": {
      "version": "0.0.136",
      "resolved": "https://registry.npmjs.org/@types/chrome/-/chrome-0.0.136.tgz",
      "integrity": "sha512-XDEiRhLkMd+SB7Iw3ZUIj/fov3wLd4HyTdLltVszkgl1dBfc3Rb7oPMVZ2Mz2TLqnF7Ow+StbR8E7r9lqpb4DA==",
      "dependencies": {
        "@types/filesystem": "*",
        "@types/har-format": "*"
      }
    },
    "node_modules/@types/filesystem": {
      "version": "0.0.30",
      "resolved": "https://registry.npmjs.org/@types/filesystem/-/filesystem-0.0.30.tgz",
      "integrity": "sha512-NCoRgmGmLpTT9VFL6Bb6z0jQuqI3d0E5FGl7M0JOv/J5RQYo9s5aOItPYnpckx9MbYQk1APLXcF8f20Vqnf2yA==",
      "dependencies": {
        "@types/filewriter": "*"
      }
    },
    "node_modules/@types/filewriter": {
      "version": "0.0.29",
      "resolved": "https://registry.npmjs.org/@types/filewriter/-/filewriter-0.0.29.tgz",
      "integrity": "sha512-BsPXH/irW0ht0Ji6iw/jJaK8Lj3FJemon2gvEqHKpCdDCeemHa+rI3WBGq5z7cDMZgoLjY40oninGxqk+8NzNQ=="
    },
    "node_modules/@types/har-format": {
      "version": "1.2.5",
      "resolved": "https://registry.npmjs.org/@types/har-format/-/har-format-1.2.5.tgz",
      "integrity": "sha512-IG8AE1m2pWtPqQ7wXhFhy6Q59bwwnLwO36v5Rit2FrbXCIp8Sk8E2PfUCreyrdo17STwFSKDAkitVuVYbpEHvQ=="
    },
    "node_modules/chess.js": {
      "version": "0.11.0",
      "resolved": "https://registry.npmjs.org/chess.js/-/chess.js-0.11.0.tgz",
      "integrity": "sha512-yTpi6XbRMkBtnjSvbt6wEp9Y7JzhJl1MC3GNn67q5ClyccXxCRf5cMPSUg4OblrUapg1kLHm7WzxxEVp20NK1Q=="
    },
    "node_modules/sweetalert2": {
      "version": "10.16.7",
      "resolved": "https://registry.npmjs.org/sweetalert2/-/sweetalert2-10.16.7.tgz",
      "integrity": "sha512-8w7UMU+joJro3r7CyyqLOK5Agc0/TI2OqC2T8odOOYRKbPvq2Bq9GF3HoQT2tFnjiqP5QEpVugayowoIl2ZlWw==",
      "funding": {
        "url": "https://sweetalert2.github.io/#donations"
      }
    },
    "node_modules/types": {
      "version": "0.1.1",
      "resolved": "https://registry.npmjs.org/types/-/types-0.1.1.tgz",
      "integrity": "sha1-hgxoWdETZik/g12Mla68+VApg44=",
      "engines": {
        "node": ">= 0.6.0"
      }
    }
  },
  "dependencies": {
    "@types/chrome": {
      "version": "0.0.136",
      "resolved": "https://registry.npmjs.org/@types/chrome/-/chrome-0.0.136.tgz",
      "integrity": "sha512-XDEiRhLkMd+SB7Iw3ZUIj/fov3wLd4HyTdLltVszkgl1dBfc3Rb7oPMVZ2Mz2TLqnF7Ow+StbR8E7r9lqpb4DA==",
      "requires": {
        "@types/filesystem": "*",
        "@types/har-format": "*"
      }
    },
    "@types/filesystem": {
      "version": "0.0.30",
      "resolved": "https://registry.npmjs.org/@types/filesystem/-/filesystem-0.0.30.tgz",
      "integrity": "sha512-NCoRgmGmLpTT9VFL6Bb6z0jQuqI3d0E5FGl7M0JOv/J5RQYo9s5aOItPYnpckx9MbYQk1APLXcF8f20Vqnf2yA==",
      "requires": {
        "@types/filewriter": "*"
      }
    },
    "@types/filewriter": {
      "version": "0.0.29",
      "resolved": "https://registry.npmjs.org/@types/filewriter/-/filewriter-0.0.29.tgz",
      "integrity": "sha512-BsPXH/irW0ht0Ji6iw/jJaK8Lj3FJemon2gvEqHKpCdDCeemHa+rI3WBGq5z7cDMZgoLjY40oninGxqk+8NzNQ=="
    },
    "@types/har-format": {
      "version": "1.2.5",
      "resolved": "https://registry.npmjs.org/@types/har-format/-/har-format-1.2.5.tgz",
      "integrity": "sha512-IG8AE1m2pWtPqQ7wXhFhy6Q59bwwnLwO36v5Rit2FrbXCIp8Sk8E2PfUCreyrdo17STwFSKDAkitVuVYbpEHvQ=="
    },
    "chess.js": {
      "version": "0.11.0",
      "resolved": "https://registry.npmjs.org/chess.js/-/chess.js-0.11.0.tgz",
      "integrity": "sha512-yTpi6XbRMkBtnjSvbt6wEp9Y7JzhJl1MC3GNn67q5ClyccXxCRf5cMPSUg4OblrUapg1kLHm7WzxxEVp20NK1Q=="
    },
    "sweetalert2": {
      "version": "10.16.7",
      "resolved": "https://registry.npmjs.org/sweetalert2/-/sweetalert2-10.16.7.tgz",
      "integrity": "sha512-8w7UMU+joJro3r7CyyqLOK5Agc0/TI2OqC2T8odOOYRKbPvq2Bq9GF3HoQT2tFnjiqP5QEpVugayowoIl2ZlWw=="
    },
    "types": {
      "version": "0.1.1",
      "resolved": "https://registry.npmjs.org/types/-/types-0.1.1.tgz",
      "integrity": "sha1-hgxoWdETZik/g12Mla68+VApg44="
    }
  }
}
